
Microsoft Visual Studio Solution File, Format Version 12.00
# Visual Studio Version 17
VisualStudioVersion = 17.13.35818.85
MinimumVisualStudioVersion = 10.0.40219.1
Project("{FAE04EC0-301F-11D3-BF4B-00C04F79EFBC}") = "homework", "homework\homework.csproj", "{B2652C43-467E-4FC6-9852-830072748938}"
EndProject
Project("{FAE04EC0-301F-11D3-BF4B-00C04F79EFBC}") = "WinFormsApp1", "WinFormsApp1\WinFormsApp1.csproj", "{65415A4C-4D74-40E1-B6E9-5BCB693EA951}"
EndProject
Global
	GlobalSection(SolutionConfigurationPlatforms) = preSolution
		Debug|Any CPU = Debug|Any CPU
		Release|Any CPU = Release|Any CPU
	EndGlobalSection
	GlobalSection(ProjectConfigurationPlatforms) = postSolution
		{B2652C43-467E-4FC6-9852-830072748938}.Debug|Any CPU.ActiveCfg = Debug|Any CPU
		{B2652C43-467E-4FC6-9852-830072748938}.Debug|Any CPU.Build.0 = Debug|Any CPU
		{B2652C43-467E-4FC6-9852-830072748938}.Release|Any CPU.ActiveCfg = Release|Any CPU
		{B2652C43-467E-4FC6-9852-830072748938}.Release|Any CPU.Build.0 = Release|Any CPU
		{65415A4C-4D74-40E1-B6E9-5BCB693EA951}.Debug|Any CPU.ActiveCfg = Debug|Any CPU
		{65415A4C-4D74-40E1-B6E9-5BCB693EA951}.Debug|Any CPU.Build.0 = Debug|Any CPU
		{65415A4C-4D74-40E1-B6E9-5BCB693EA951}.Release|Any CPU.ActiveCfg = Release|Any CPU
		{65415A4C-4D74-40E1-B6E9-5BCB693EA951}.Release|Any CPU.Build.0 = Release|Any CPU
	EndGlobalSection
	GlobalSection(SolutionProperties) = preSolution
		HideSolutionNode = FALSE
	EndGlobalSection
	GlobalSection(ExtensibilityGlobals) = postSolution
		SolutionGuid = {81E165A0-5079-4C61-ABD3-533D931D9A3A}
	EndGlobalSection
EndGlobal
