
Microsoft Visual Studio Solution File, Format Version 12.00
# Visual Studio Version 17
VisualStudioVersion = 17.13.35818.85 d17.13
MinimumVisualStudioVersion = 10.0.40219.1
Project("{FAE04EC0-301F-11D3-BF4B-00C04F79EFBC}") = "practice", "practice\practice.csproj", "{4F743037-A242-4C04-9AD0-F47D5559836A}"
EndProject
Project("{FAE04EC0-301F-11D3-BF4B-00C04F79EFBC}") = "AcademyDBLibrary", "AcademyDBLibrary\AcademyDBLibrary.csproj", "{071C3351-F8DF-49FB-B2DF-17914AA69F72}"
EndProject
Global
	GlobalSection(SolutionConfigurationPlatforms) = preSolution
		Debug|Any CPU = Debug|Any CPU
		Release|Any CPU = Release|Any CPU
	EndGlobalSection
	GlobalSection(ProjectConfigurationPlatforms) = postSolution
		{4F743037-A242-4C04-9AD0-F47D5559836A}.Debug|Any CPU.ActiveCfg = Debug|Any CPU
		{4F743037-A242-4C04-9AD0-F47D5559836A}.Debug|Any CPU.Build.0 = Debug|Any CPU
		{4F743037-A242-4C04-9AD0-F47D5559836A}.Release|Any CPU.ActiveCfg = Release|Any CPU
		{4F743037-A242-4C04-9AD0-F47D5559836A}.Release|Any CPU.Build.0 = Release|Any CPU
		{071C3351-F8DF-49FB-B2DF-17914AA69F72}.Debug|Any CPU.ActiveCfg = Debug|Any CPU
		{071C3351-F8DF-49FB-B2DF-17914AA69F72}.Debug|Any CPU.Build.0 = Debug|Any CPU
		{071C3351-F8DF-49FB-B2DF-17914AA69F72}.Release|Any CPU.ActiveCfg = Release|Any CPU
		{071C3351-F8DF-49FB-B2DF-17914AA69F72}.Release|Any CPU.Build.0 = Release|Any CPU
	EndGlobalSection
	GlobalSection(SolutionProperties) = preSolution
		HideSolutionNode = FALSE
	EndGlobalSection
	GlobalSection(ExtensibilityGlobals) = postSolution
		SolutionGuid = {C5593001-7ED2-485F-9489-7A627167271D}
	EndGlobalSection
EndGlobal
